PODS:
  - Ads/Core (1.0.0)
  - Appodeal (2.7.5)

DEPENDENCIES:
  - Ads/Core (from `./Ads.podspec`)
  - Appodeal (= 2.7.5)

SPEC REPOS:
  trunk:
    - Appodeal

EXTERNAL SOURCES:
  Ads:
    :path: "./Ads.podspec"

SPEC CHECKSUMS:
  Ads: c4cc061f9cece60107a68a065b97a35d2005a58f
  Appodeal: bbcfbf63be492476f235bac82af1afffdcec5684

PODFILE CHECKSUM: 38d976142a2f22fafd4171d95d28bbf481dd4fdc

COCOAPODS: 1.9.1
