PODS:
  - Appodeal (2.8.1):
    - Protobuf (~> 3.12)
    - StackIAB (~> 1.1.2)
    - StackModules (~> 1.0.2)
  - PocketAds (1.2.7)
  - Protobuf (3.14.0)
  - StackIAB (1.1.2):
    - StackIAB/StackMRAIDKit (= 1.1.2)
    - StackIAB/StackNASTKit (= 1.1.2)
    - StackIAB/StackRichMedia (= 1.1.2)
    - StackIAB/StackVASTAssets (= 1.1.2)
    - StackIAB/StackVASTKit (= 1.1.2)
    - StackIAB/StackVideoPlayer (= 1.1.2)
    - StackIAB/StackXML (= 1.1.2)
    - StackModules (~> 1.0.0)
  - StackIAB/StackMRAIDKit (1.1.2):
    - StackModules (~> 1.0.0)
  - StackIAB/StackNASTKit (1.1.2):
    - StackIAB/StackVASTKit
    - StackModules (~> 1.0.0)
  - StackIAB/StackRichMedia (1.1.2):
    - StackIAB/StackVASTAssets
    - StackIAB/StackVideoPlayer
    - StackModules (~> 1.0.0)
  - StackIAB/StackVASTAssets (1.1.2):
    - StackIAB/StackXML
    - StackModules (~> 1.0.0)
  - StackIAB/StackVASTKit (1.1.2):
    - StackIAB/StackMRAIDKit
    - StackIAB/StackVASTAssets
    - StackIAB/StackVideoPlayer
    - StackModules (~> 1.0.0)
  - StackIAB/StackVideoPlayer (1.1.2):
    - StackModules (~> 1.0.0)
  - StackIAB/StackXML (1.1.2):
    - StackModules (~> 1.0.0)
  - StackModules (1.0.2):
    - StackModules/StackUIKit (= 1.0.2)
  - StackModules/StackFoundation (1.0.2)
  - StackModules/StackUIKit (1.0.2):
    - StackModules/StackFoundation

DEPENDENCIES:
  - Appodeal (= 2.8.1)
  - PocketAds (from `./PocketAds.podspec`)

SPEC REPOS:
  trunk:
    - Appodeal
    - Protobuf
    - StackIAB
    - StackModules

EXTERNAL SOURCES:
  PocketAds:
    :path: "./PocketAds.podspec"

SPEC CHECKSUMS:
  Appodeal: bf9748c013eb1e91d973391130fab386ef947779
  PocketAds: 210a9f897897436f68b5962aeea2125c798fd7a0
  Protobuf: 0cde852566359049847168e51bd1c690e0f70056
  StackIAB: 14975a45de9e3b78fdb0845ab1438af218e42431
  StackModules: bdce04cf8a281cfbd982e43f90d90df23166f0fa

PODFILE CHECKSUM: 3bc97a012114d25a317c2073e2e944866dfbd175

COCOAPODS: 1.11.2
